{
    "_readme": [
        "This file locks the dependencies of your project to a known state",
        "Read more about it at https://getcomposer.org/doc/01-basic-usage.md#composer-lock-the-lock-file",
        "This file is @generated automatically"
    ],
    "content-hash": "4afdcb19b44079ee1f76310f98f04328",
    "packages": [
        {
            "name": "huanl-php/container",
            "version": "dev-master",
            "source": {
                "type": "git",
                "url": "https://github.com/huanl-php/container.git",
                "reference": "291e44425dd70e5a7b9e6f9a5616a4abc2878e59"
            },
            "dist": {
                "type": "zip",
                "url": "https://files.phpcomposer.com/files/huanl-php/container/291e44425dd70e5a7b9e6f9a5616a4abc2878e59.zip",
                "reference": "291e44425dd70e5a7b9e6f9a5616a4abc2878e59",
                "shasum": ""
            },
            "type": "library",
            "autoload": {
                "psr-4": {
                    "HuanL\\Container\\": ""
                }
            },
            "notification-url": "https://packagist.org/downloads/",
            "authors": [
                {
                    "name": "CodFrm",
                    "email": "code.farmer@qq.com"
                }
            ],
            "description": "a dependency injection container",
            "time": "2018-04-18T07:09:50+00:00"
        }
    ],
    "packages-dev": [],
    "aliases": [],
    "minimum-stability": "stable",
    "stability-flags": {
        "huanl-php/container": 20
    },
    "prefer-stable": false,
    "prefer-lowest": false,
    "platform": {
        "php": "^7.1"
    },
    "platform-dev": []
}
